
Microsoft Visual Studio Solution File, Format Version 12.00
# Visual Studio Version 17
VisualStudioVersion = 17.6.33815.320
MinimumVisualStudioVersion = 10.0.40219.1
Project("{FAE04EC0-301F-11D3-BF4B-00C04F79EFBC}") = "OrbitalCollisions", "OrbitalCollisions.csproj", "{56A10EB5-7574-4DBA-8FE8-8BE35AA7E3EA}"
EndProject
Global
	GlobalSection(SolutionConfigurationPlatforms) = preSolution
		Debug|Any CPU = Debug|Any CPU
		Release|Any CPU = Release|Any CPU
	EndGlobalSection
	GlobalSection(ProjectConfigurationPlatforms) = postSolution
		{56A10EB5-7574-4DBA-8FE8-8BE35AA7E3EA}.Debug|Any CPU.ActiveCfg = Debug|Any CPU
		{56A10EB5-7574-4DBA-8FE8-8BE35AA7E3EA}.Debug|Any CPU.Build.0 = Debug|Any CPU
		{56A10EB5-7574-4DBA-8FE8-8BE35AA7E3EA}.Release|Any CPU.ActiveCfg = Release|Any CPU
		{56A10EB5-7574-4DBA-8FE8-8BE35AA7E3EA}.Release|Any CPU.Build.0 = Release|Any CPU
	EndGlobalSection
	GlobalSection(SolutionProperties) = preSolution
		HideSolutionNode = FALSE
	EndGlobalSection
	GlobalSection(ExtensibilityGlobals) = postSolution
		SolutionGuid = {8F0BBF82-5B78-4D8C-A25A-EE2449DC71F0}
	EndGlobalSection
EndGlobal
